Microsoft Visual Studio Solution File, Format Version 9.00
# Visual Studio 2005
Project("{8BC9CEB8-8B4A-11D0-8D11-00A0C91BC942}") = "Oleander Stemming Library", "Oleander Stemming Library.vcproj", "{EE7D95DD-AA61-4B02-B428-FE2455289652}"
EndProject
Global
	GlobalSection(SolutionConfigurationPlatforms) = preSolution
		Debug|Win32 = Debug|Win32
		Release|Win32 = Release|Win32
	EndGlobalSection
	GlobalSection(ProjectConfigurationPlatforms) = postSolution
		{EE7D95DD-AA61-4B02-B428-FE2455289652}.Debug|Win32.ActiveCfg = Debug|Win32
		{EE7D95DD-AA61-4B02-B428-FE2455289652}.Debug|Win32.Build.0 = Debug|Win32
		{EE7D95DD-AA61-4B02-B428-FE2455289652}.Release|Win32.ActiveCfg = Release|Win32
		{EE7D95DD-AA61-4B02-B428-FE2455289652}.Release|Win32.Build.0 = Release|Win32
	EndGlobalSection
	GlobalSection(SolutionProperties) = preSolution
		HideSolutionNode = FALSE
	EndGlobalSection
EndGlobal
